// !$*UTF8*$!
{
	archiveVersion = 1;
	classes = {
	};
	objectVersion = 46;
	objects = {

/* Begin PBXBuildFile section */
		67F63C3F1F30754B0012B7F2 /* AppDelegate.swift in Sources */ = {isa = PBXBuildFile; fileRef = 67F63C3E1F30754B0012B7F2 /* AppDelegate.swift */; };
		67F63C441F30754B0012B7F2 /* Main.storyboard in Resources */ = {isa = PBXBuildFile; fileRef = 67F63C421F30754B0012B7F2 /* Main.storyboard */; };
		67F63C461F30754B0012B7F2 /* Assets.xcassets in Resources */ = {isa = PBXBuildFile; fileRef = 67F63C451F30754B0012B7F2 /* Assets.xcassets */; };
		67F63C491F30754B0012B7F2 /* LaunchScreen.storyboard in Resources */ = {isa = PBXBuildFile; fileRef = 67F63C471F30754B0012B7F2 /* LaunchScreen.storyboard */; };
		67F63C541F30754B0012B7F2 /* DYZBTests.swift in Sources */ = {isa = PBXBuildFile; fileRef = 67F63C531F30754B0012B7F2 /* DYZBTests.swift */; };
		67F63C5F1F30754B0012B7F2 /* DYZBUITests.swift in Sources */ = {isa = PBXBuildFile; fileRef = 67F63C5E1F30754B0012B7F2 /* DYZBUITests.swift */; };
/* End PBXBuildFile section */

/* Begin PBXContainerItemProxy section */
		67F63C501F30754B0012B7F2 /* PBXContainerItemProxy */ = {
			isa = PBXContainerItemProxy;
			containerPortal = 67F63C331F30754B0012B7F2 /* Project object */;
			proxyType = 1;
			remoteGlobalIDString = 67F63C3A1F30754B0012B7F2;
			remoteInfo = DYZB;
		};
		67F63C5B1F30754B0012B7F2 /* PBXContainerItemProxy */ = {
			isa = PBXContainerItemProxy;
			containerPortal = 67F63C331F30754B0012B7F2 /* Project object */;
			proxyType = 1;
			remoteGlobalIDString = 67F63C3A1F30754B0012B7F2;
			remoteInfo = DYZB;
		};
/* End PBXContainerItemProxy section */

/* Begin PBXFileReference section */
		67F63C3B1F30754B0012B7F2 /* DYZB.app */ = {isa = PBXFileReference; explicitFileType = wrapper.application; includeInIndex = 0; path = DYZB.app; sourceTree = BUILT_PRODUCTS_DIR; };
		67F63C3E1F30754B0012B7F2 /* AppDelegate.swift */ = {isa = PBXFileReference; lastKnownFileType = sourcecode.swift; path = AppDelegate.swift; sourceTree = "<group>"; };
		67F63C431F30754B0012B7F2 /* Base */ = {isa = PBXFileReference; lastKnownFileType = file.storyboard; name = Base; path = Base.lproj/Main.storyboard; sourceTree = "<group>"; };
		67F63C451F30754B0012B7F2 /* Assets.xcassets */ = {isa = PBXFileReference; lastKnownFileType = folder.assetcatalog; path = Assets.xcassets; sourceTree = "<group>"; };
		67F63C481F30754B0012B7F2 /* Base */ = {isa = PBXFileReference; lastKnownFileType = file.storyboard; name = Base; path = Base.lproj/LaunchScreen.storyboard; sourceTree = "<group>"; };
		67F63C4A1F30754B0012B7F2 /* Info.plist */ = {isa = PBXFileReference; lastKnownFileType = text.plist.xml; path = Info.plist; sourceTree = "<group>"; };
		67F63C4F1F30754B0012B7F2 /* DYZBTests.xctest */ = {isa = PBXFileReference; explicitFileType = wrapper.cfbundle; includeInIndex = 0; path = DYZBTests.xctest; sourceTree = BUILT_PRODUCTS_DIR; };
		67F63C531F30754B0012B7F2 /* DYZBTests.swift */ = {isa = PBXFileReference; lastKnownFileType = sourcecode.swift; path = DYZBTests.swift; sourceTree = "<group>"; };
		67F63C551F30754B0012B7F2 /* Info.plist */ = {isa = PBXFileReference; lastKnownFileType = text.plist.xml; path = Info.plist; sourceTree = "<group>"; };
		67F63C5A1F30754B0012B7F2 /* DYZBUITests.xctest */ = {isa = PBXFileReference; explicitFileType = wrapper.cfbundle; includeInIndex = 0; path = DYZBUITests.xctest; sourceTree = BUILT_PRODUCTS_DIR; };
		67F63C5E1F30754B0012B7F2 /* DYZBUITests.swift */ = {isa = PBXFileReference; lastKnownFileType = sourcecode.swift; path = DYZBUITests.swift; sourceTree = "<group>"; };
		67F63C601F30754B0012B7F2 /* Info.plist */ = {isa = PBXFileReference; lastKnownFileType = text.plist.xml; path = Info.plist; sourceTree = "<group>"; };
/* End PBXFileReference section */

/* Begin PBXFrameworksBuildPhase section */
		67F63C381F30754B0012B7F2 /* Frameworks */ = {
			isa = PBXFrameworksBuildPhase;
			buildActionMask = 2147483647;
			files = (
			);
			runOnlyForDeploymentPostprocessing = 0;
		};
		67F63C4C1F30754B0012B7F2 /* Frameworks */ = {
			isa = PBXFrameworksBuildPhase;
			buildActionMask = 2147483647;
			files = (
			);
			runOnlyForDeploymentPostprocessing = 0;
		};
		67F63C571F30754B0012B7F2 /* Frameworks */ = {
			isa = PBXFrameworksBuildPhase;
			buildActionMask = 2147483647;
			files = (
			);
			runOnlyForDeploymentPostprocessing = 0;
		};
/* End PBXFrameworksBuildPhase section */

/* Begin PBXGroup section */
		67F63C321F30754B0012B7F2 = {
			isa = PBXGroup;
			children = (
				67F63C3D1F30754B0012B7F2 /* DYZB */,
				67F63C521F30754B0012B7F2 /* DYZBTests */,
				67F63C5D1F30754B0012B7F2 /* DYZBUITests */,
				67F63C3C1F30754B0012B7F2 /* Products */,
			);
			sourceTree = "<group>";
		};
		67F63C3C1F30754B0012B7F2 /* Products */ = {
			isa = PBXGroup;
			children = (
				67F63C3B1F30754B0012B7F2 /* DYZB.app */,
				67F63C4F1F30754B0012B7F2 /* DYZBTests.xctest */,
				67F63C5A1F30754B0012B7F2 /* DYZBUITests.xctest */,
			);
			name = Products;
			sourceTree = "<group>";
		};
		67F63C3D1F30754B0012B7F2 /* DYZB */ = {
			isa = PBXGroup;
			children = (
				67F63C6C1F3076ED0012B7F2 /* Classes */,
				67F63C3E1F30754B0012B7F2 /* AppDelegate.swift */,
				67F63C421F30754B0012B7F2 /* Main.storyboard */,
				67F63C451F30754B0012B7F2 /* Assets.xcassets */,
				67F63C471F30754B0012B7F2 /* LaunchScreen.storyboard */,
				67F63C4A1F30754B0012B7F2 /* Info.plist */,
			);
			path = DYZB;
			sourceTree = "<group>";
		};
		67F63C521F30754B0012B7F2 /* DYZBTests */ = {
			isa = PBXGroup;
			children = (
				67F63C531F30754B0012B7F2 /* DYZBTests.swift */,
				67F63C551F30754B0012B7F2 /* Info.plist */,
			);
			path = DYZBTests;
			sourceTree = "<group>";
		};
		67F63C5D1F30754B0012B7F2 /* DYZBUITests */ = {
			isa = PBXGroup;
			children = (
				67F63C5E1F30754B0012B7F2 /* DYZBUITests.swift */,
				67F63C601F30754B0012B7F2 /* Info.plist */,
			);
			path = DYZBUITests;
			sourceTree = "<group>";
		};
		67F63C6C1F3076ED0012B7F2 /* Classes */ = {
			isa = PBXGroup;
			children = (
				67F63C701F3076ED0012B7F2 /* Main */,
				67F63C6E1F3076ED0012B7F2 /* Home */,
				67F63C6F1F3076ED0012B7F2 /* Live */,
				67F63C6D1F3076ED0012B7F2 /* Follow */,
				67F63C711F3076ED0012B7F2 /* Profile */,
				67F63C721F3076ED0012B7F2 /* Tools */,
			);
			path = Classes;
			sourceTree = "<group>";
		};
		67F63C6D1F3076ED0012B7F2 /* Follow */ = {
			isa = PBXGroup;
			children = (
			);
			path = Follow;
			sourceTree = "<group>";
		};
		67F63C6E1F3076ED0012B7F2 /* Home */ = {
			isa = PBXGroup;
			children = (
			);
			path = Home;
			sourceTree = "<group>";
		};
		67F63C6F1F3076ED0012B7F2 /* Live */ = {
			isa = PBXGroup;
			children = (
			);
			path = Live;
			sourceTree = "<group>";
		};
		67F63C701F3076ED0012B7F2 /* Main */ = {
			isa = PBXGroup;
			children = (
			);
			path = Main;
			sourceTree = "<group>";
		};
		67F63C711F3076ED0012B7F2 /* Profile */ = {
			isa = PBXGroup;
			children = (
			);
			path = Profile;
			sourceTree = "<group>";
		};
		67F63C721F3076ED0012B7F2 /* Tools */ = {
			isa = PBXGroup;
			children = (
			);
			path = Tools;
			sourceTree = "<group>";
		};
/* End PBXGroup section */

/* Begin PBXNativeTarget section */
		67F63C3A1F30754B0012B7F2 /* DYZB */ = {
			isa = PBXNativeTarget;
			buildConfigurationList = 67F63C631F30754B0012B7F2 /* Build configuration list for PBXNativeTarget "DYZB" */;
			buildPhases = (
				67F63C371F30754B0012B7F2 /* Sources */,
				67F63C381F30754B0012B7F2 /* Frameworks */,
				67F63C391F30754B0012B7F2 /* Resources */,
			);
			buildRules = (
			);
			dependencies = (
			);
			name = DYZB;
			productName = DYZB;
			productReference = 67F63C3B1F30754B0012B7F2 /* DYZB.app */;
			productType = "com.apple.product-type.application";
		};
		67F63C4E1F30754B0012B7F2 /* DYZBTests */ = {
			isa = PBXNativeTarget;
			buildConfigurationList = 67F63C661F30754B0012B7F2 /* Build configuration list for PBXNativeTarget "DYZBTests" */;
			buildPhases = (
				67F63C4B1F30754B0012B7F2 /* Sources */,
				67F63C4C1F30754B0012B7F2 /* Frameworks */,
				67F63C4D1F30754B0012B7F2 /* Resources */,
			);
			buildRules = (
			);
			dependencies = (
				67F63C511F30754B0012B7F2 /* PBXTargetDependency */,
			);
			name = DYZBTests;
			productName = DYZBTests;
			productReference = 67F63C4F1F30754B0012B7F2 /* DYZBTests.xctest */;
			productType = "com.apple.product-type.bundle.unit-test";
		};
		67F63C591F30754B0012B7F2 /* DYZBUITests */ = {
			isa = PBXNativeTarget;
			buildConfigurationList = 67F63C691F30754B0012B7F2 /* Build configuration list for PBXNativeTarget "DYZBUITests" */;
			buildPhases = (
				67F63C561F30754B0012B7F2 /* Sources */,
				67F63C571F30754B0012B7F2 /* Frameworks */,
				67F63C581F30754B0012B7F2 /* Resources */,
			);
			buildRules = (
			);
			dependencies = (
				67F63C5C1F30754B0012B7F2 /* PBXTargetDependency */,
			);
			name = DYZBUITests;
			productName = DYZBUITests;
			productReference = 67F63C5A1F30754B0012B7F2 /* DYZBUITests.xctest */;
			productType = "com.apple.product-type.bundle.ui-testing";
		};
/* End PBXNativeTarget section */

/* Begin PBXProject section */
		67F63C331F30754B0012B7F2 /* Project object */ = {
			isa = PBXProject;
			attributes = {
				LastSwiftUpdateCheck = 0830;
				LastUpgradeCheck = 0830;
				ORGANIZATIONNAME = "LEZHONG-iMAC";
				TargetAttributes = {
					67F63C3A1F30754B0012B7F2 = {
						CreatedOnToolsVersion = 8.3.2;
						ProvisioningStyle = Automatic;
					};
					67F63C4E1F30754B0012B7F2 = {
						CreatedOnToolsVersion = 8.3.2;
						ProvisioningStyle = Automatic;
						TestTargetID = 67F63C3A1F30754B0012B7F2;
					};
					67F63C591F30754B0012B7F2 = {
						CreatedOnToolsVersion = 8.3.2;
						ProvisioningStyle = Automatic;
						TestTargetID = 67F63C3A1F30754B0012B7F2;
					};
				};
			};
			buildConfigurationList = 67F63C361F30754B0012B7F2 /* Build configuration list for PBXProject "DYZB" */;
			compatibilityVersion = "Xcode 3.2";
			developmentRegion = English;
			hasScannedForEncodings = 0;
			knownRegions = (
				en,
				Base,
			);
			mainGroup = 67F63C321F30754B0012B7F2;
			productRefGroup = 67F63C3C1F30754B0012B7F2 /* Products */;
			projectDirPath = "";
			projectRoot = "";
			targets = (
				67F63C3A1F30754B0012B7F2 /* DYZB */,
				67F63C4E1F30754B0012B7F2 /* DYZBTests */,
				67F63C591F30754B0012B7F2 /* DYZBUITests */,
			);
		};
/* End PBXProject section */

/* Begin PBXResourcesBuildPhase section */
		67F63C391F30754B0012B7F2 /* Resources */ = {
			isa = PBXResourcesBuildPhase;
			buildActionMask = 2147483647;
			files = (
				67F63C491F30754B0012B7F2 /* LaunchScreen.storyboard in Resources */,
				67F63C461F30754B0012B7F2 /* Assets.xcassets in Resources */,
				67F63C441F30754B0012B7F2 /* Main.storyboard in Resources */,
			);
			runOnlyForDeploymentPostprocessing = 0;
		};
		67F63C4D1F30754B0012B7F2 /* Resources */ = {
			isa = PBXResourcesBuildPhase;
			buildActionMask = 2147483647;
			files = (
			);
			runOnlyForDeploymentPostprocessing = 0;
		};
		67F63C581F30754B0012B7F2 /* Resources */ = {
			isa = PBXResourcesBuildPhase;
			buildActionMask = 2147483647;
			files = (
			);
			runOnlyForDeploymentPostprocessing = 0;
		};
/* End PBXResourcesBuildPhase section */

/* Begin PBXSourcesBuildPhase section */
		67F63C371F30754B0012B7F2 /* Sources */ = {
			isa = PBXSourcesBuildPhase;
			buildActionMask = 2147483647;
			files = (
				67F63C3F1F30754B0012B7F2 /* AppDelegate.swift in Sources */,
			);
			runOnlyForDeploymentPostprocessing = 0;
		};
		67F63C4B1F30754B0012B7F2 /* Sources */ = {
			isa = PBXSourcesBuildPhase;
			buildActionMask = 2147483647;
			files = (
				67F63C541F30754B0012B7F2 /* DYZBTests.swift in Sources */,
			);
			runOnlyForDeploymentPostprocessing = 0;
		};
		67F63C561F30754B0012B7F2 /* Sources */ = {
			isa = PBXSourcesBuildPhase;
			buildActionMask = 2147483647;
			files = (
				67F63C5F1F30754B0012B7F2 /* DYZBUITests.swift in Sources */,
			);
			runOnlyForDeploymentPostprocessing = 0;
		};
/* End PBXSourcesBuildPhase section */

/* Begin PBXTargetDependency section */
		67F63C511F30754B0012B7F2 /* PBXTargetDependency */ = {
			isa = PBXTargetDependency;
			target = 67F63C3A1F30754B0012B7F2 /* DYZB */;
			targetProxy = 67F63C501F30754B0012B7F2 /* PBXContainerItemProxy */;
		};
		67F63C5C1F30754B0012B7F2 /* PBXTargetDependency */ = {
			isa = PBXTargetDependency;
			target = 67F63C3A1F30754B0012B7F2 /* DYZB */;
			targetProxy = 67F63C5B1F30754B0012B7F2 /* PBXContainerItemProxy */;
		};
/* End PBXTargetDependency section */

/* Begin PBXVariantGroup section */
		67F63C421F30754B0012B7F2 /* Main.storyboard */ = {
			isa = PBXVariantGroup;
			children = (
				67F63C431F30754B0012B7F2 /* Base */,
			);
			name = Main.storyboard;
			sourceTree = "<group>";
		};
		67F63C471F30754B0012B7F2 /* LaunchScreen.storyboard */ = {
			isa = PBXVariantGroup;
			children = (
				67F63C481F30754B0012B7F2 /* Base */,
			);
			name = LaunchScreen.storyboard;
			sourceTree = "<group>";
		};
/* End PBXVariantGroup section */

/* Begin XCBuildConfiguration section */
		67F63C611F30754B0012B7F2 /* Debug */ = {
			isa = XCBuildConfiguration;
			buildSettings = {
				ALWAYS_SEARCH_USER_PATHS = NO;
				CLANG_ANALYZER_NONNULL = YES;
				CLANG_ANALYZER_NUMBER_OBJECT_CONVERSION = YES_AGGRESSIVE;
				CLANG_CXX_LANGUAGE_STANDARD = "gnu++0x";
				CLANG_CXX_LIBRARY = "libc++";
				CLANG_ENABLE_MODULES = YES;
				CLANG_ENABLE_OBJC_ARC = YES;
				CLANG_WARN_BOOL_CONVERSION = YES;
				CLANG_WARN_CONSTANT_CONVERSION = YES;
				CLANG_WARN_DIRECT_OBJC_ISA_USAGE = YES_ERROR;
				CLANG_WARN_DOCUMENTATION_COMMENTS = YES;
				CLANG_WARN_EMPTY_BODY = YES;
				CLANG_WARN_ENUM_CONVERSION = YES;
				CLANG_WARN_INFINITE_RECURSION = YES;
				CLANG_WARN_INT_CONVERSION = YES;
				CLANG_WARN_OBJC_ROOT_CLASS = YES_ERROR;
				CLANG_WARN_SUSPICIOUS_MOVE = YES;
				CLANG_WARN_UNREACHABLE_CODE = YES;
				CLANG_WARN__DUPLICATE_METHOD_MATCH = YES;
				"CODE_SIGN_IDENTITY[sdk=iphoneos*]" = "iPhone Developer";
				COPY_PHASE_STRIP = NO;
				DEBUG_INFORMATION_FORMAT = dwarf;
				ENABLE_STRICT_OBJC_MSGSEND = YES;
				ENABLE_TESTABILITY = YES;
				GCC_C_LANGUAGE_STANDARD = gnu99;
				GCC_DYNAMIC_NO_PIC = NO;
				GCC_NO_COMMON_BLOCKS = YES;
				GCC_OPTIMIZATION_LEVEL = 0;
				GCC_PREPROCESSOR_DEFINITIONS = (
					"DEBUG=1",
					"$(inherited)",
				);
				GCC_WARN_64_TO_32_BIT_CONVERSION = YES;
				GCC_WARN_ABOUT_RETURN_TYPE = YES_ERROR;
				GCC_WARN_UNDECLARED_SELECTOR = YES;
				GCC_WARN_UNINITIALIZED_AUTOS = YES_AGGRESSIVE;
				GCC_WARN_UNUSED_FUNCTION = YES;
				GCC_WARN_UNUSED_VARIABLE = YES;
				IPHONEOS_DEPLOYMENT_TARGET = 10.3;
				MTL_ENABLE_DEBUG_INFO = YES;
				ONLY_ACTIVE_ARCH = YES;
				SDKROOT = iphoneos;
				SWIFT_ACTIVE_COMPILATION_CONDITIONS = DEBUG;
				SWIFT_OPTIMIZATION_LEVEL = "-Onone";
				TARGETED_DEVICE_FAMILY = "1,2";
			};
			name = Debug;
		};
		67F63C621F30754B0012B7F2 /* Release */ = {
			isa = XCBuildConfiguration;
			buildSettings = {
				ALWAYS_SEARCH_USER_PATHS = NO;
				CLANG_ANALYZER_NONNULL = YES;
				CLANG_ANALYZER_NUMBER_OBJECT_CONVERSION = YES_AGGRESSIVE;
				CLANG_CXX_LANGUAGE_STANDARD = "gnu++0x";
				CLANG_CXX_LIBRARY = "libc++";
				CLANG_ENABLE_MODULES = YES;
				CLANG_ENABLE_OBJC_ARC = YES;
				CLANG_WARN_BOOL_CONVERSION = YES;
				CLANG_WARN_CONSTANT_CONVERSION = YES;
				CLANG_WARN_DIRECT_OBJC_ISA_USAGE = YES_ERROR;
				CLANG_WARN_DOCUMENTATION_COMMENTS = YES;
				CLANG_WARN_EMPTY_BODY = YES;
				CLANG_WARN_ENUM_CONVERSION = YES;
				CLANG_WARN_INFINITE_RECURSION = YES;
				CLANG_WARN_INT_CONVERSION = YES;
				CLANG_WARN_OBJC_ROOT_CLASS = YES_ERROR;
				CLANG_WARN_SUSPICIOUS_MOVE = YES;
				CLANG_WARN_UNREACHABLE_CODE = YES;
				CLANG_WARN__DUPLICATE_METHOD_MATCH = YES;
				"CODE_SIGN_IDENTITY[sdk=iphoneos*]" = "iPhone Developer";
				COPY_PHASE_STRIP = NO;
				DEBUG_INFORMATION_FORMAT = "dwarf-with-dsym";
				ENABLE_NS_ASSERTIONS = NO;
				ENABLE_STRICT_OBJC_MSGSEND = YES;
				GCC_C_LANGUAGE_STANDARD = gnu99;
				GCC_NO_COMMON_BLOCKS = YES;
				GCC_WARN_64_TO_32_BIT_CONVERSION = YES;
				GCC_WARN_ABOUT_RETURN_TYPE = YES_ERROR;
				GCC_WARN_UNDECLARED_SELECTOR = YES;
				GCC_WARN_UNINITIALIZED_AUTOS = YES_AGGRESSIVE;
				GCC_WARN_UNUSED_FUNCTION = YES;
				GCC_WARN_UNUSED_VARIABLE = YES;
				IPHONEOS_DEPLOYMENT_TARGET = 10.3;
				MTL_ENABLE_DEBUG_INFO = NO;
				SDKROOT = iphoneos;
				SWIFT_OPTIMIZATION_LEVEL = "-Owholemodule";
				TARGETED_DEVICE_FAMILY = "1,2";
				VALIDATE_PRODUCT = YES;
			};
			name = Release;
		};
		67F63C641F30754B0012B7F2 /* Debug */ = {
			isa = XCBuildConfiguration;
			buildSettings = {
				ASSETCATALOG_COMPILER_APPICON_NAME = AppIcon;
				ASSETCATALOG_COMPILER_LAUNCHIMAGE_NAME = LaunchImage;
				INFOPLIST_FILE = DYZB/Info.plist;
				IPHONEOS_DEPLOYMENT_TARGET = 9.0;
				LD_RUNPATH_SEARCH_PATHS = "$(inherited) @executable_path/Frameworks";
				PRODUCT_BUNDLE_IDENTIFIER = net.sdlz.DYZB;
				PRODUCT_NAME = "$(TARGET_NAME)";
				SWIFT_VERSION = 3.0;
			};
			name = Debug;
		};
		67F63C651F30754B0012B7F2 /* Release */ = {
			isa = XCBuildConfiguration;
			buildSettings = {
				ASSETCATALOG_COMPILER_APPICON_NAME = AppIcon;
				ASSETCATALOG_COMPILER_LAUNCHIMAGE_NAME = LaunchImage;
				INFOPLIST_FILE = DYZB/Info.plist;
				IPHONEOS_DEPLOYMENT_TARGET = 9.0;
				LD_RUNPATH_SEARCH_PATHS = "$(inherited) @executable_path/Frameworks";
				PRODUCT_BUNDLE_IDENTIFIER = net.sdlz.DYZB;
				PRODUCT_NAME = "$(TARGET_NAME)";
				SWIFT_VERSION = 3.0;
			};
			name = Release;
		};
		67F63C671F30754B0012B7F2 /* Debug */ = {
			isa = XCBuildConfiguration;
			buildSettings = {
				ALWAYS_EMBED_SWIFT_STANDARD_LIBRARIES = YES;
				BUNDLE_LOADER = "$(TEST_HOST)";
				INFOPLIST_FILE = DYZBTests/Info.plist;
				LD_RUNPATH_SEARCH_PATHS = "$(inherited) @executable_path/Frameworks @loader_path/Frameworks";
				PRODUCT_BUNDLE_IDENTIFIER = net.sdlz.DYZBTests;
				PRODUCT_NAME = "$(TARGET_NAME)";
				SWIFT_VERSION = 3.0;
				TEST_HOST = "$(BUILT_PRODUCTS_DIR)/DYZB.app/DYZB";
			};
			name = Debug;
		};
		67F63C681F30754B0012B7F2 /* Release */ = {
			isa = XCBuildConfiguration;
			buildSettings = {
				ALWAYS_EMBED_SWIFT_STANDARD_LIBRARIES = YES;
				BUNDLE_LOADER = "$(TEST_HOST)";
				INFOPLIST_FILE = DYZBTests/Info.plist;
				LD_RUNPATH_SEARCH_PATHS = "$(inherited) @executable_path/Frameworks @loader_path/Frameworks";
				PRODUCT_BUNDLE_IDENTIFIER = net.sdlz.DYZBTests;
				PRODUCT_NAME = "$(TARGET_NAME)";
				SWIFT_VERSION = 3.0;
				TEST_HOST = "$(BUILT_PRODUCTS_DIR)/DYZB.app/DYZB";
			};
			name = Release;
		};
		67F63C6A1F30754B0012B7F2 /* Debug */ = {
			isa = XCBuildConfiguration;
			buildSettings = {
				ALWAYS_EMBED_SWIFT_STANDARD_LIBRARIES = YES;
				INFOPLIST_FILE = DYZBUITests/Info.plist;
				LD_RUNPATH_SEARCH_PATHS = "$(inherited) @executable_path/Frameworks @loader_path/Frameworks";
				PRODUCT_BUNDLE_IDENTIFIER = net.sdlz.DYZBUITests;
				PRODUCT_NAME = "$(TARGET_NAME)";
				SWIFT_VERSION = 3.0;
				TEST_TARGET_NAME = DYZB;
			};
			name = Debug;
		};
		67F63C6B1F30754B0012B7F2 /* Release */ = {
			isa = XCBuildConfiguration;
			buildSettings = {
				ALWAYS_EMBED_SWIFT_STANDARD_LIBRARIES = YES;
				INFOPLIST_FILE = DYZBUITests/Info.plist;
				LD_RUNPATH_SEARCH_PATHS = "$(inherited) @executable_path/Frameworks @loader_path/Frameworks";
				PRODUCT_BUNDLE_IDENTIFIER = net.sdlz.DYZBUITests;
				PRODUCT_NAME = "$(TARGET_NAME)";
				SWIFT_VERSION = 3.0;
				TEST_TARGET_NAME = DYZB;
			};
			name = Release;
		};
/* End XCBuildConfiguration section */

/* Begin XCConfigurationList section */
		67F63C361F30754B0012B7F2 /* Build configuration list for PBXProject "DYZB" */ = {
			isa = XCConfigurationList;
			buildConfigurations = (
				67F63C611F30754B0012B7F2 /* Debug */,
				67F63C621F30754B0012B7F2 /* Release */,
			);
			defaultConfigurationIsVisible = 0;
			defaultConfigurationName = Release;
		};
		67F63C631F30754B0012B7F2 /* Build configuration list for PBXNativeTarget "DYZB" */ = {
			isa = XCConfigurationList;
			buildConfigurations = (
				67F63C641F30754B0012B7F2 /* Debug */,
				67F63C651F30754B0012B7F2 /* Release */,
			);
			defaultConfigurationIsVisible = 0;
			defaultConfigurationName = Release;
		};
		67F63C661F30754B0012B7F2 /* Build configuration list for PBXNativeTarget "DYZBTests" */ = {
			isa = XCConfigurationList;
			buildConfigurations = (
				67F63C671F30754B0012B7F2 /* Debug */,
				67F63C681F30754B0012B7F2 /* Release */,
			);
			defaultConfigurationIsVisible = 0;
			defaultConfigurationName = Release;
		};
		67F63C691F30754B0012B7F2 /* Build configuration list for PBXNativeTarget "DYZBUITests" */ = {
			isa = XCConfigurationList;
			buildConfigurations = (
				67F63C6A1F30754B0012B7F2 /* Debug */,
				67F63C6B1F30754B0012B7F2 /* Release */,
			);
			defaultConfigurationIsVisible = 0;
			defaultConfigurationName = Release;
		};
/* End XCConfigurationList section */
	};
	rootObject = 67F63C331F30754B0012B7F2 /* Project object */;
}
